
Microsoft Visual Studio Solution File, Format Version 12.00
# Visual Studio Version 16
VisualStudioVersion = 16.0.31205.134
MinimumVisualStudioVersion = 10.0.40219.1
Project("{FAE04EC0-301F-11D3-BF4B-00C04F79EFBC}") = "CameraApp", "CameraApp\CameraApp.csproj", "{6F0E5F03-4F05-4A1E-98BD-3D3B7884BBF2}"
EndProject
Global
	GlobalSection(SolutionConfigurationPlatforms) = preSolution
		Debug|Any CPU = Debug|Any CPU
		Release|Any CPU = Release|Any CPU
	EndGlobalSection
	GlobalSection(ProjectConfigurationPlatforms) = postSolution
		{6F0E5F03-4F05-4A1E-98BD-3D3B7884BBF2}.Debug|Any CPU.ActiveCfg = Debug|Any CPU
		{6F0E5F03-4F05-4A1E-98BD-3D3B7884BBF2}.Debug|Any CPU.Build.0 = Debug|Any CPU
		{6F0E5F03-4F05-4A1E-98BD-3D3B7884BBF2}.Release|Any CPU.ActiveCfg = Release|Any CPU
		{6F0E5F03-4F05-4A1E-98BD-3D3B7884BBF2}.Release|Any CPU.Build.0 = Release|Any CPU
	EndGlobalSection
	GlobalSection(SolutionProperties) = preSolution
		HideSolutionNode = FALSE
	EndGlobalSection
	GlobalSection(ExtensibilityGlobals) = postSolution
		SolutionGuid = {8EA63B75-9133-443E-A008-214858EAD123}
	EndGlobalSection
EndGlobal
